{
  "requires": true,
  "lockfileVersion": 1,
  "dependencies": {
    "cra-template-lzalit": {
      "version": "1.1.2",
      "resolved": "https://registry.npmjs.org/cra-template-lzalit/-/cra-template-lzalit-1.1.2.tgz",
      "integrity": "sha512-xnZ90SbQIs/oaQxi7r6vNSEQbpCBsO4i24fUb4lYXvIh0iofpUAsOAAfInnL1gFNky2bdYi+Tw9wY1hD1kgvPA=="
    }
  }
}
